
Microsoft Visual Studio Solution File, Format Version 12.00
# Visual Studio 2012
Project("{8BC9CEB8-8B4A-11D0-8D11-00A0C91BC942}") = "bintools", "bintools.vcxproj", "{E38F65D9-74B2-4373-B46A-DBB76F579F98}"
EndProject
Global
	GlobalSection(SolutionConfigurationPlatforms) = preSolution
		Debug - Dark Messiah|Win32 = Debug - Dark Messiah|Win32
		Debug - Episode 1|Win32 = Debug - Episode 1|Win32
		Debug - Left 4 Dead 2|Win32 = Debug - Left 4 Dead 2|Win32
		Debug - Left 4 Dead|Win32 = Debug - Left 4 Dead|Win32
		Debug - Old Metamod|Win32 = Debug - Old Metamod|Win32
		Debug - Orange Box Valve|Win32 = Debug - Orange Box Valve|Win32
		Debug - Orange Box|Win32 = Debug - Orange Box|Win32
		Release - Dark Messiah|Win32 = Release - Dark Messiah|Win32
		Release - Episode 1|Win32 = Release - Episode 1|Win32
		Release - Left 4 Dead 2|Win32 = Release - Left 4 Dead 2|Win32
		Release - Left 4 Dead|Win32 = Release - Left 4 Dead|Win32
		Release - Old Metamod|Win32 = Release - Old Metamod|Win32
		Release - Orange Box Valve|Win32 = Release - Orange Box Valve|Win32
		Release - Orange Box|Win32 = Release - Orange Box|Win32
	EndGlobalSection
	GlobalSection(ProjectConfigurationPlatforms) = postSolution
		{E38F65D9-74B2-4373-B46A-DBB76F579F98}.Debug - Dark Messiah|Win32.ActiveCfg = Debug|Win32
		{E38F65D9-74B2-4373-B46A-DBB76F579F98}.Debug - Dark Messiah|Win32.Build.0 = Debug|Win32
		{E38F65D9-74B2-4373-B46A-DBB76F579F98}.Debug - Episode 1|Win32.ActiveCfg = Debug|Win32
		{E38F65D9-74B2-4373-B46A-DBB76F579F98}.Debug - Episode 1|Win32.Build.0 = Debug|Win32
		{E38F65D9-74B2-4373-B46A-DBB76F579F98}.Debug - Left 4 Dead 2|Win32.ActiveCfg = Debug|Win32
		{E38F65D9-74B2-4373-B46A-DBB76F579F98}.Debug - Left 4 Dead 2|Win32.Build.0 = Debug|Win32
		{E38F65D9-74B2-4373-B46A-DBB76F579F98}.Debug - Left 4 Dead|Win32.ActiveCfg = Debug|Win32
		{E38F65D9-74B2-4373-B46A-DBB76F579F98}.Debug - Left 4 Dead|Win32.Build.0 = Debug|Win32
		{E38F65D9-74B2-4373-B46A-DBB76F579F98}.Debug - Old Metamod|Win32.ActiveCfg = Debug|Win32
		{E38F65D9-74B2-4373-B46A-DBB76F579F98}.Debug - Old Metamod|Win32.Build.0 = Debug|Win32
		{E38F65D9-74B2-4373-B46A-DBB76F579F98}.Debug - Orange Box Valve|Win32.ActiveCfg = Debug|Win32
		{E38F65D9-74B2-4373-B46A-DBB76F579F98}.Debug - Orange Box Valve|Win32.Build.0 = Debug|Win32
		{E38F65D9-74B2-4373-B46A-DBB76F579F98}.Debug - Orange Box|Win32.ActiveCfg = Debug|Win32
		{E38F65D9-74B2-4373-B46A-DBB76F579F98}.Debug - Orange Box|Win32.Build.0 = Debug|Win32
		{E38F65D9-74B2-4373-B46A-DBB76F579F98}.Release - Dark Messiah|Win32.ActiveCfg = Release|Win32
		{E38F65D9-74B2-4373-B46A-DBB76F579F98}.Release - Dark Messiah|Win32.Build.0 = Release|Win32
		{E38F65D9-74B2-4373-B46A-DBB76F579F98}.Release - Episode 1|Win32.ActiveCfg = Release|Win32
		{E38F65D9-74B2-4373-B46A-DBB76F579F98}.Release - Episode 1|Win32.Build.0 = Release|Win32
		{E38F65D9-74B2-4373-B46A-DBB76F579F98}.Release - Left 4 Dead 2|Win32.ActiveCfg = Release|Win32
		{E38F65D9-74B2-4373-B46A-DBB76F579F98}.Release - Left 4 Dead 2|Win32.Build.0 = Release|Win32
		{E38F65D9-74B2-4373-B46A-DBB76F579F98}.Release - Left 4 Dead|Win32.ActiveCfg = Release|Win32
		{E38F65D9-74B2-4373-B46A-DBB76F579F98}.Release - Left 4 Dead|Win32.Build.0 = Release|Win32
		{E38F65D9-74B2-4373-B46A-DBB76F579F98}.Release - Old Metamod|Win32.ActiveCfg = Release|Win32
		{E38F65D9-74B2-4373-B46A-DBB76F579F98}.Release - Old Metamod|Win32.Build.0 = Release|Win32
		{E38F65D9-74B2-4373-B46A-DBB76F579F98}.Release - Orange Box Valve|Win32.ActiveCfg = Release|Win32
		{E38F65D9-74B2-4373-B46A-DBB76F579F98}.Release - Orange Box Valve|Win32.Build.0 = Release|Win32
		{E38F65D9-74B2-4373-B46A-DBB76F579F98}.Release - Orange Box|Win32.ActiveCfg = Release|Win32
		{E38F65D9-74B2-4373-B46A-DBB76F579F98}.Release - Orange Box|Win32.Build.0 = Release|Win32
	EndGlobalSection
	GlobalSection(SolutionProperties) = preSolution
		HideSolutionNode = FALSE
	EndGlobalSection
EndGlobal
