
Microsoft Visual Studio Solution File, Format Version 12.00
# Visual Studio 2012
Project("{8BC9CEB8-8B4A-11D0-8D11-00A0C91BC942}") = "cstrike", "cstrike.vcxproj", "{18B5ED38-DBB7-47B2-8500-5648B8C1263B}"
EndProject
Global
	GlobalSection(SolutionConfigurationPlatforms) = preSolution
		Debug - Episode1|Win32 = Debug - Episode1|Win32
		Debug - Old Metamod|Win32 = Debug - Old Metamod|Win32
		Debug - Orange Box Valve|Win32 = Debug - Orange Box Valve|Win32
		Debug - Orange Box|Win32 = Debug - Orange Box|Win32
		Release - CS GO|Win32 = Release - CS GO|Win32
		Release - Episode 1|Win32 = Release - Episode 1|Win32
		Release - Old Metamod|Win32 = Release - Old Metamod|Win32
		Release - Orange Box Valve|Win32 = Release - Orange Box Valve|Win32
		Release - Orange Box|Win32 = Release - Orange Box|Win32
	EndGlobalSection
	GlobalSection(ProjectConfigurationPlatforms) = postSolution
		{18B5ED38-DBB7-47B2-8500-5648B8C1263B}.Debug - Episode1|Win32.ActiveCfg = Debug - Episode1|Win32
		{18B5ED38-DBB7-47B2-8500-5648B8C1263B}.Debug - Episode1|Win32.Build.0 = Debug - Episode1|Win32
		{18B5ED38-DBB7-47B2-8500-5648B8C1263B}.Debug - Old Metamod|Win32.ActiveCfg = Debug - Old Metamod|Win32
		{18B5ED38-DBB7-47B2-8500-5648B8C1263B}.Debug - Old Metamod|Win32.Build.0 = Debug - Old Metamod|Win32
		{18B5ED38-DBB7-47B2-8500-5648B8C1263B}.Debug - Orange Box Valve|Win32.ActiveCfg = Debug - Orange Box Valve|Win32
		{18B5ED38-DBB7-47B2-8500-5648B8C1263B}.Debug - Orange Box Valve|Win32.Build.0 = Debug - Orange Box Valve|Win32
		{18B5ED38-DBB7-47B2-8500-5648B8C1263B}.Debug - Orange Box|Win32.ActiveCfg = Debug - Orange Box|Win32
		{18B5ED38-DBB7-47B2-8500-5648B8C1263B}.Debug - Orange Box|Win32.Build.0 = Debug - Orange Box|Win32
		{18B5ED38-DBB7-47B2-8500-5648B8C1263B}.Release - CS GO|Win32.ActiveCfg = Release - CS GO|Win32
		{18B5ED38-DBB7-47B2-8500-5648B8C1263B}.Release - CS GO|Win32.Build.0 = Release - CS GO|Win32
		{18B5ED38-DBB7-47B2-8500-5648B8C1263B}.Release - Episode 1|Win32.ActiveCfg = Release - Episode 1|Win32
		{18B5ED38-DBB7-47B2-8500-5648B8C1263B}.Release - Episode 1|Win32.Build.0 = Release - Episode 1|Win32
		{18B5ED38-DBB7-47B2-8500-5648B8C1263B}.Release - Old Metamod|Win32.ActiveCfg = Release - Old Metamod|Win32
		{18B5ED38-DBB7-47B2-8500-5648B8C1263B}.Release - Old Metamod|Win32.Build.0 = Release - Old Metamod|Win32
		{18B5ED38-DBB7-47B2-8500-5648B8C1263B}.Release - Orange Box Valve|Win32.ActiveCfg = Release - Orange Box Valve|Win32
		{18B5ED38-DBB7-47B2-8500-5648B8C1263B}.Release - Orange Box Valve|Win32.Build.0 = Release - Orange Box Valve|Win32
		{18B5ED38-DBB7-47B2-8500-5648B8C1263B}.Release - Orange Box|Win32.ActiveCfg = Release - Orange Box|Win32
		{18B5ED38-DBB7-47B2-8500-5648B8C1263B}.Release - Orange Box|Win32.Build.0 = Release - Orange Box|Win32
	EndGlobalSection
	GlobalSection(SolutionProperties) = preSolution
		HideSolutionNode = FALSE
	EndGlobalSection
EndGlobal
