<?xml version="1.0" encoding="utf-8"?>
<Project ToolsVersion="4.0" xmlns="http://schemas.microsoft.com/developer/msbuild/2003">
  <ItemGroup>
    <Filter Include="Source Files">
      <UniqueIdentifier>{4FC737F1-C7A5-4376-A066-2A32D752A2FF}</UniqueIdentifier>
      <Extensions>cpp;c;cc;cxx;def;odl;idl;hpj;bat;asm;asmx</Extensions>
    </Filter>
    <Filter Include="Header Files">
      <UniqueIdentifier>{93995380-89BD-4b04-88EB-625FBE52EBFB}</UniqueIdentifier>
      <Extensions>h;hpp;hxx;hm;inl;inc;xsd</Extensions>
    </Filter>
    <Filter Include="Source Files\LuaJit">
      <UniqueIdentifier>{32a8077d-4a7e-490c-b160-e64687bdc5ea}</UniqueIdentifier>
    </Filter>
    <Filter Include="Header Files\LuaJit">
      <UniqueIdentifier>{9cfd71a6-7a74-4894-a936-7c3f85acf75b}</UniqueIdentifier>
    </Filter>
    <Filter Include="Header Files\Resource Files">
      <UniqueIdentifier>{67DA6AB6-F800-4c08-8B7A-83BB121AAD01}</UniqueIdentifier>
      <Extensions>rc;ico;cur;bmp;dlg;rc2;rct;bin;rgs;gif;jpg;jpeg;jpe;resx;tiff;tif;png;wav;mfcribbon-ms</Extensions>
    </Filter>
  </ItemGroup>
  <ItemGroup>
    <ClInclude Include="..\PluginRuntime.h">
      <Filter>Header Files</Filter>
    </ClInclude>
    <ClInclude Include="..\luajit\lauxlib.h">
      <Filter>Header Files\LuaJit</Filter>
    </ClInclude>
    <ClInclude Include="..\luajit\lj_alloc.h">
      <Filter>Header Files\LuaJit</Filter>
    </ClInclude>
    <ClInclude Include="..\luajit\lj_arch.h">
      <Filter>Header Files\LuaJit</Filter>
    </ClInclude>
    <ClInclude Include="..\luajit\lj_asm.h">
      <Filter>Header Files\LuaJit</Filter>
    </ClInclude>
    <ClInclude Include="..\luajit\lj_asm_arm.h">
      <Filter>Header Files\LuaJit</Filter>
    </ClInclude>
    <ClInclude Include="..\luajit\lj_asm_mips.h">
      <Filter>Header Files\LuaJit</Filter>
    </ClInclude>
    <ClInclude Include="..\luajit\lj_asm_ppc.h">
      <Filter>Header Files\LuaJit</Filter>
    </ClInclude>
    <ClInclude Include="..\luajit\lj_asm_x86.h">
      <Filter>Header Files\LuaJit</Filter>
    </ClInclude>
    <ClInclude Include="..\luajit\lj_bc.h">
      <Filter>Header Files\LuaJit</Filter>
    </ClInclude>
    <ClInclude Include="..\luajit\lj_bcdef.h">
      <Filter>Header Files\LuaJit</Filter>
    </ClInclude>
    <ClInclude Include="..\luajit\lj_bcdump.h">
      <Filter>Header Files\LuaJit</Filter>
    </ClInclude>
    <ClInclude Include="..\luajit\lj_carith.h">
      <Filter>Header Files\LuaJit</Filter>
    </ClInclude>
    <ClInclude Include="..\luajit\lj_ccall.h">
      <Filter>Header Files\LuaJit</Filter>
    </ClInclude>
    <ClInclude Include="..\luajit\lj_ccallback.h">
      <Filter>Header Files\LuaJit</Filter>
    </ClInclude>
    <ClInclude Include="..\luajit\lj_cconv.h">
      <Filter>Header Files\LuaJit</Filter>
    </ClInclude>
    <ClInclude Include="..\luajit\lj_cdata.h">
      <Filter>Header Files\LuaJit</Filter>
    </ClInclude>
    <ClInclude Include="..\luajit\lj_char.h">
      <Filter>Header Files\LuaJit</Filter>
    </ClInclude>
    <ClInclude Include="..\luajit\lj_clib.h">
      <Filter>Header Files\LuaJit</Filter>
    </ClInclude>
    <ClInclude Include="..\luajit\lj_cparse.h">
      <Filter>Header Files\LuaJit</Filter>
    </ClInclude>
    <ClInclude Include="..\luajit\lj_crecord.h">
      <Filter>Header Files\LuaJit</Filter>
    </ClInclude>
    <ClInclude Include="..\luajit\lj_ctype.h">
      <Filter>Header Files\LuaJit</Filter>
    </ClInclude>
    <ClInclude Include="..\luajit\lj_debug.h">
      <Filter>Header Files\LuaJit</Filter>
    </ClInclude>
    <ClInclude Include="..\luajit\lj_def.h">
      <Filter>Header Files\LuaJit</Filter>
    </ClInclude>
    <ClInclude Include="..\luajit\lj_dispatch.h">
      <Filter>Header Files\LuaJit</Filter>
    </ClInclude>
    <ClInclude Include="..\luajit\lj_emit_arm.h">
      <Filter>Header Files\LuaJit</Filter>
    </ClInclude>
    <ClInclude Include="..\luajit\lj_emit_mips.h">
      <Filter>Header Files\LuaJit</Filter>
    </ClInclude>
    <ClInclude Include="..\luajit\lj_emit_ppc.h">
      <Filter>Header Files\LuaJit</Filter>
    </ClInclude>
    <ClInclude Include="..\luajit\lj_emit_x86.h">
      <Filter>Header Files\LuaJit</Filter>
    </ClInclude>
    <ClInclude Include="..\luajit\lj_err.h">
      <Filter>Header Files\LuaJit</Filter>
    </ClInclude>
    <ClInclude Include="..\luajit\lj_errmsg.h">
      <Filter>Header Files\LuaJit</Filter>
    </ClInclude>
    <ClInclude Include="..\lj_ff.h">
      <Filter>Header Files\LuaJit</Filter>
    </ClInclude>
    <ClInclude Include="..\luajit\lj_ff.h">
      <Filter>Header Files\LuaJit</Filter>
    </ClInclude>
    <ClInclude Include="..\luajit\lj_ffdef.h">
      <Filter>Header Files\LuaJit</Filter>
    </ClInclude>
    <ClInclude Include="..\luajit\lj_ffrecord.h">
      <Filter>Header Files\LuaJit</Filter>
    </ClInclude>
    <ClInclude Include="..\luajit\lj_folddef.h">
      <Filter>Header Files\LuaJit</Filter>
    </ClInclude>
    <ClInclude Include="..\luajit\lj_frame.h">
      <Filter>Header Files\LuaJit</Filter>
    </ClInclude>
    <ClInclude Include="..\luajit\lj_func.h">
      <Filter>Header Files\LuaJit</Filter>
    </ClInclude>
    <ClInclude Include="..\luajit\lj_gc.h">
      <Filter>Header Files\LuaJit</Filter>
    </ClInclude>
    <ClInclude Include="..\luajit\lj_gdbjit.h">
      <Filter>Header Files\LuaJit</Filter>
    </ClInclude>
    <ClInclude Include="..\luajit\lj_ir.h">
      <Filter>Header Files\LuaJit</Filter>
    </ClInclude>
    <ClInclude Include="..\luajit\lj_ircall.h">
      <Filter>Header Files\LuaJit</Filter>
    </ClInclude>
    <ClInclude Include="..\luajit\lj_iropt.h">
      <Filter>Header Files\LuaJit</Filter>
    </ClInclude>
    <ClInclude Include="..\luajit\lj_jit.h">
      <Filter>Header Files\LuaJit</Filter>
    </ClInclude>
    <ClInclude Include="..\luajit\lj_lex.h">
      <Filter>Header Files\LuaJit</Filter>
    </ClInclude>
    <ClInclude Include="..\luajit\lj_lib.h">
      <Filter>Header Files\LuaJit</Filter>
    </ClInclude>
    <ClInclude Include="..\luajit\lj_libdef.h">
      <Filter>Header Files\LuaJit</Filter>
    </ClInclude>
    <ClInclude Include="..\luajit\lj_mcode.h">
      <Filter>Header Files\LuaJit</Filter>
    </ClInclude>
    <ClInclude Include="..\luajit\lj_meta.h">
      <Filter>Header Files\LuaJit</Filter>
    </ClInclude>
    <ClInclude Include="..\luajit\lj_obj.h">
      <Filter>Header Files\LuaJit</Filter>
    </ClInclude>
    <ClInclude Include="..\luajit\lj_parse.h">
      <Filter>Header Files\LuaJit</Filter>
    </ClInclude>
    <ClInclude Include="..\luajit\lj_recdef.h">
      <Filter>Header Files\LuaJit</Filter>
    </ClInclude>
    <ClInclude Include="..\luajit\lj_record.h">
      <Filter>Header Files\LuaJit</Filter>
    </ClInclude>
    <ClInclude Include="..\luajit\lj_snap.h">
      <Filter>Header Files\LuaJit</Filter>
    </ClInclude>
    <ClInclude Include="..\luajit\lj_state.h">
      <Filter>Header Files\LuaJit</Filter>
    </ClInclude>
    <ClInclude Include="..\luajit\lj_str.h">
      <Filter>Header Files\LuaJit</Filter>
    </ClInclude>
    <ClInclude Include="..\luajit\lj_strscan.h">
      <Filter>Header Files\LuaJit</Filter>
    </ClInclude>
    <ClInclude Include="..\luajit\lj_tab.h">
      <Filter>Header Files\LuaJit</Filter>
    </ClInclude>
    <ClInclude Include="..\luajit\lj_target.h">
      <Filter>Header Files\LuaJit</Filter>
    </ClInclude>
    <ClInclude Include="..\luajit\lj_target_arm.h">
      <Filter>Header Files\LuaJit</Filter>
    </ClInclude>
    <ClInclude Include="..\luajit\lj_target_mips.h">
      <Filter>Header Files\LuaJit</Filter>
    </ClInclude>
    <ClInclude Include="..\luajit\lj_target_ppc.h">
      <Filter>Header Files\LuaJit</Filter>
    </ClInclude>
    <ClInclude Include="..\luajit\lj_target_x86.h">
      <Filter>Header Files\LuaJit</Filter>
    </ClInclude>
    <ClInclude Include="..\luajit\lj_trace.h">
      <Filter>Header Files\LuaJit</Filter>
    </ClInclude>
    <ClInclude Include="..\luajit\lj_traceerr.h">
      <Filter>Header Files\LuaJit</Filter>
    </ClInclude>
    <ClInclude Include="..\luajit\lj_udata.h">
      <Filter>Header Files\LuaJit</Filter>
    </ClInclude>
    <ClInclude Include="..\luajit\lj_vm.h">
      <Filter>Header Files\LuaJit</Filter>
    </ClInclude>
    <ClInclude Include="..\luajit\lj_vmevent.h">
      <Filter>Header Files\LuaJit</Filter>
    </ClInclude>
    <ClInclude Include="..\luajit\lua.h">
      <Filter>Header Files\LuaJit</Filter>
    </ClInclude>
    <ClInclude Include="..\luajit\luaconf.h">
      <Filter>Header Files\LuaJit</Filter>
    </ClInclude>
    <ClInclude Include="..\luajit\luajit.h">
      <Filter>Header Files\LuaJit</Filter>
    </ClInclude>
    <ClInclude Include="..\luajit\lualib.h">
      <Filter>Header Files\LuaJit</Filter>
    </ClInclude>
    <ClInclude Include="..\LuaEngine.h">
      <Filter>Header Files</Filter>
    </ClInclude>
    <ClInclude Include="..\PluginFunction.h">
      <Filter>Header Files</Filter>
    </ClInclude>
  </ItemGroup>
  <ItemGroup>
    <ClCompile Include="..\PluginRuntime.cpp">
      <Filter>Source Files</Filter>
    </ClCompile>
    <ClCompile Include="..\luajit\lib_aux.c">
      <Filter>Source Files\LuaJit</Filter>
    </ClCompile>
    <ClCompile Include="..\luajit\lib_base.c">
      <Filter>Source Files\LuaJit</Filter>
    </ClCompile>
    <ClCompile Include="..\luajit\lib_bit.c">
      <Filter>Source Files\LuaJit</Filter>
    </ClCompile>
    <ClCompile Include="..\luajit\lib_debug.c">
      <Filter>Source Files\LuaJit</Filter>
    </ClCompile>
    <ClCompile Include="..\luajit\lib_ffi.c">
      <Filter>Source Files\LuaJit</Filter>
    </ClCompile>
    <ClCompile Include="..\luajit\lib_init.c">
      <Filter>Source Files\LuaJit</Filter>
    </ClCompile>
    <ClCompile Include="..\luajit\lib_io.c">
      <Filter>Source Files\LuaJit</Filter>
    </ClCompile>
    <ClCompile Include="..\luajit\lib_jit.c">
      <Filter>Source Files\LuaJit</Filter>
    </ClCompile>
    <ClCompile Include="..\luajit\lib_math.c">
      <Filter>Source Files\LuaJit</Filter>
    </ClCompile>
    <ClCompile Include="..\luajit\lib_os.c">
      <Filter>Source Files\LuaJit</Filter>
    </ClCompile>
    <ClCompile Include="..\luajit\lib_package.c">
      <Filter>Source Files\LuaJit</Filter>
    </ClCompile>
    <ClCompile Include="..\luajit\lib_string.c">
      <Filter>Source Files\LuaJit</Filter>
    </ClCompile>
    <ClCompile Include="..\luajit\lib_table.c">
      <Filter>Source Files\LuaJit</Filter>
    </ClCompile>
    <ClCompile Include="..\luajit\lj_alloc.c">
      <Filter>Source Files\LuaJit</Filter>
    </ClCompile>
    <ClCompile Include="..\luajit\lj_api.c">
      <Filter>Source Files\LuaJit</Filter>
    </ClCompile>
    <ClCompile Include="..\luajit\lj_asm.c">
      <Filter>Source Files\LuaJit</Filter>
    </ClCompile>
    <ClCompile Include="..\luajit\lj_bc.c">
      <Filter>Source Files\LuaJit</Filter>
    </ClCompile>
    <ClCompile Include="..\luajit\lj_bcread.c">
      <Filter>Source Files\LuaJit</Filter>
    </ClCompile>
    <ClCompile Include="..\luajit\lj_bcwrite.c">
      <Filter>Source Files\LuaJit</Filter>
    </ClCompile>
    <ClCompile Include="..\luajit\lj_carith.c">
      <Filter>Source Files\LuaJit</Filter>
    </ClCompile>
    <ClCompile Include="..\luajit\lj_ccall.c">
      <Filter>Source Files\LuaJit</Filter>
    </ClCompile>
    <ClCompile Include="..\luajit\lj_ccallback.c">
      <Filter>Source Files\LuaJit</Filter>
    </ClCompile>
    <ClCompile Include="..\luajit\lj_cconv.c">
      <Filter>Source Files\LuaJit</Filter>
    </ClCompile>
    <ClCompile Include="..\luajit\lj_cdata.c">
      <Filter>Source Files\LuaJit</Filter>
    </ClCompile>
    <ClCompile Include="..\luajit\lj_char.c">
      <Filter>Source Files\LuaJit</Filter>
    </ClCompile>
    <ClCompile Include="..\luajit\lj_clib.c">
      <Filter>Source Files\LuaJit</Filter>
    </ClCompile>
    <ClCompile Include="..\luajit\lj_cparse.c">
      <Filter>Source Files\LuaJit</Filter>
    </ClCompile>
    <ClCompile Include="..\luajit\lj_crecord.c">
      <Filter>Source Files\LuaJit</Filter>
    </ClCompile>
    <ClCompile Include="..\luajit\lj_ctype.c">
      <Filter>Source Files\LuaJit</Filter>
    </ClCompile>
    <ClCompile Include="..\luajit\lj_debug.c">
      <Filter>Source Files\LuaJit</Filter>
    </ClCompile>
    <ClCompile Include="..\luajit\lj_dispatch.c">
      <Filter>Source Files\LuaJit</Filter>
    </ClCompile>
    <ClCompile Include="..\luajit\lj_err.c">
      <Filter>Source Files\LuaJit</Filter>
    </ClCompile>
    <ClCompile Include="..\luajit\lj_ffrecord.c">
      <Filter>Source Files\LuaJit</Filter>
    </ClCompile>
    <ClCompile Include="..\luajit\lj_func.c">
      <Filter>Source Files\LuaJit</Filter>
    </ClCompile>
    <ClCompile Include="..\luajit\lj_gc.c">
      <Filter>Source Files\LuaJit</Filter>
    </ClCompile>
    <ClCompile Include="..\luajit\lj_gdbjit.c">
      <Filter>Source Files\LuaJit</Filter>
    </ClCompile>
    <ClCompile Include="..\luajit\lj_ir.c">
      <Filter>Source Files\LuaJit</Filter>
    </ClCompile>
    <ClCompile Include="..\luajit\lj_lex.c">
      <Filter>Source Files\LuaJit</Filter>
    </ClCompile>
    <ClCompile Include="..\luajit\lj_lib.c">
      <Filter>Source Files\LuaJit</Filter>
    </ClCompile>
    <ClCompile Include="..\luajit\lj_load.c">
      <Filter>Source Files\LuaJit</Filter>
    </ClCompile>
    <ClCompile Include="..\luajit\lj_mcode.c">
      <Filter>Source Files\LuaJit</Filter>
    </ClCompile>
    <ClCompile Include="..\luajit\lj_meta.c">
      <Filter>Source Files\LuaJit</Filter>
    </ClCompile>
    <ClCompile Include="..\luajit\lj_obj.c">
      <Filter>Source Files\LuaJit</Filter>
    </ClCompile>
    <ClCompile Include="..\luajit\lj_opt_dce.c">
      <Filter>Source Files\LuaJit</Filter>
    </ClCompile>
    <ClCompile Include="..\luajit\lj_opt_fold.c">
      <Filter>Source Files\LuaJit</Filter>
    </ClCompile>
    <ClCompile Include="..\luajit\lj_opt_loop.c">
      <Filter>Source Files\LuaJit</Filter>
    </ClCompile>
    <ClCompile Include="..\luajit\lj_opt_mem.c">
      <Filter>Source Files\LuaJit</Filter>
    </ClCompile>
    <ClCompile Include="..\luajit\lj_opt_narrow.c">
      <Filter>Source Files\LuaJit</Filter>
    </ClCompile>
    <ClCompile Include="..\luajit\lj_opt_sink.c">
      <Filter>Source Files\LuaJit</Filter>
    </ClCompile>
    <ClCompile Include="..\luajit\lj_opt_split.c">
      <Filter>Source Files\LuaJit</Filter>
    </ClCompile>
    <ClCompile Include="..\luajit\lj_parse.c">
      <Filter>Source Files\LuaJit</Filter>
    </ClCompile>
    <ClCompile Include="..\luajit\lj_record.c">
      <Filter>Source Files\LuaJit</Filter>
    </ClCompile>
    <ClCompile Include="..\luajit\lj_snap.c">
      <Filter>Source Files\LuaJit</Filter>
    </ClCompile>
    <ClCompile Include="..\luajit\lj_state.c">
      <Filter>Source Files\LuaJit</Filter>
    </ClCompile>
    <ClCompile Include="..\luajit\lj_str.c">
      <Filter>Source Files\LuaJit</Filter>
    </ClCompile>
    <ClCompile Include="..\luajit\lj_strscan.c">
      <Filter>Source Files\LuaJit</Filter>
    </ClCompile>
    <ClCompile Include="..\luajit\lj_tab.c">
      <Filter>Source Files\LuaJit</Filter>
    </ClCompile>
    <ClCompile Include="..\luajit\lj_trace.c">
      <Filter>Source Files\LuaJit</Filter>
    </ClCompile>
    <ClCompile Include="..\luajit\lj_udata.c">
      <Filter>Source Files\LuaJit</Filter>
    </ClCompile>
    <ClCompile Include="..\luajit\lj_vmevent.c">
      <Filter>Source Files\LuaJit</Filter>
    </ClCompile>
    <ClCompile Include="..\luajit\lj_vmmath.c">
      <Filter>Source Files\LuaJit</Filter>
    </ClCompile>
    <ClCompile Include="..\luajit\luajit.c">
      <Filter>Source Files\LuaJit</Filter>
    </ClCompile>
    <ClCompile Include="..\PluginFunction.cpp">
      <Filter>Source Files</Filter>
    </ClCompile>
    <ClCompile Include="..\LuaEngine.cpp">
      <Filter>Source Files</Filter>
    </ClCompile>
  </ItemGroup>
</Project>